
Microsoft Visual Studio Solution File, Format Version 12.00
# Visual Studio Version 16
VisualStudioVersion = 16.0.30204.135
MinimumVisualStudioVersion = 10.0.40219.1
Project("{FAE04EC0-301F-11D3-BF4B-00C04F79EFBC}") = "CsTcp", "CsTcp\CsTcp.csproj", "{01FC82D3-3413-4EBA-9C92-94525E1922BC}"
EndProject
Global
	GlobalSection(SolutionConfigurationPlatforms) = preSolution
		Debug|Any CPU = Debug|Any CPU
		Release|Any CPU = Release|Any CPU
	EndGlobalSection
	GlobalSection(ProjectConfigurationPlatforms) = postSolution
		{01FC82D3-3413-4EBA-9C92-94525E1922BC}.Debug|Any CPU.ActiveCfg = Debug|Any CPU
		{01FC82D3-3413-4EBA-9C92-94525E1922BC}.Debug|Any CPU.Build.0 = Debug|Any CPU
		{01FC82D3-3413-4EBA-9C92-94525E1922BC}.Release|Any CPU.ActiveCfg = Release|Any CPU
		{01FC82D3-3413-4EBA-9C92-94525E1922BC}.Release|Any CPU.Build.0 = Release|Any CPU
	EndGlobalSection
	GlobalSection(SolutionProperties) = preSolution
		HideSolutionNode = FALSE
	EndGlobalSection
	GlobalSection(ExtensibilityGlobals) = postSolution
		SolutionGuid = {4FA0158D-A768-4671-B301-1D4A60535860}
	EndGlobalSection
EndGlobal
